// !$*UTF8*$!
{
	archiveVersion = 1;
	classes = {
	};
	objectVersion = 56;
	objects = {

/* Begin PBXBuildFile section */
		7B0151942BD7D13800D134F6 /* FirebaseAuthCombine-Community in Frameworks */ = {isa = PBXBuildFile; productRef = 7B0151932BD7D13800D134F6 /* FirebaseAuthCombine-Community */; };
		7B0151962BD7D34800D134F6 /* FirebaseStorage in Frameworks */ = {isa = PBXBuildFile; productRef = 7B0151952BD7D34800D134F6 /* FirebaseStorage */; };
		7B0151992BD7D51D00D134F6 /* SDWebImage in Frameworks */ = {isa = PBXBuildFile; productRef = 7B0151982BD7D51D00D134F6 /* SDWebImage */; };
		7B01519B2BD7D51D00D134F6 /* SDWebImageMapKit in Frameworks */ = {isa = PBXBuildFile; productRef = 7B01519A2BD7D51D00D134F6 /* SDWebImageMapKit */; };
		7B0151BE2BD91EF200D134F6 /* MessageViewModel.swift in Sources */ = {isa = PBXBuildFile; fileRef = 7B0151BD2BD91EF200D134F6 /* MessageViewModel.swift */; };
		7B1C24752BE0DA12000CB4F5 /* GoogleSignIn in Frameworks */ = {isa = PBXBuildFile; productRef = 7B1C24742BE0DA12000CB4F5 /* GoogleSignIn */; };
		7B1C24772BE0DA12000CB4F5 /* GoogleSignInSwift in Frameworks */ = {isa = PBXBuildFile; productRef = 7B1C24762BE0DA12000CB4F5 /* GoogleSignInSwift */; };
		7B1C24792BE11EC1000CB4F5 /* LoginAdapter.swift in Sources */ = {isa = PBXBuildFile; fileRef = 7B1C24782BE11EC1000CB4F5 /* LoginAdapter.swift */; };
		7B2574E02BD636CA006C87B6 /* ChatMessage.swift in Sources */ = {isa = PBXBuildFile; fileRef = 7B2574DF2BD636CA006C87B6 /* ChatMessage.swift */; };
		7B3D78B12BD0F8EC006E77BC /* UsersListController.swift in Sources */ = {isa = PBXBuildFile; fileRef = 7B3D78B02BD0F8EC006E77BC /* UsersListController.swift */; };
		7B3D78B52BD0FE96006E77BC /* FirebaseFirestoreSwift in Frameworks */ = {isa = PBXBuildFile; productRef = 7B3D78B42BD0FE96006E77BC /* FirebaseFirestoreSwift */; };
		7B3D78B72BD12786006E77BC /* MessageController.swift in Sources */ = {isa = PBXBuildFile; fileRef = 7B3D78B62BD12786006E77BC /* MessageController.swift */; };
		7B3D78BB2BD12BA9006E77BC /* FirebaseDatabase in Frameworks */ = {isa = PBXBuildFile; productRef = 7B3D78BA2BD12BA9006E77BC /* FirebaseDatabase */; };
		7B3D78BD2BD12BA9006E77BC /* FirebaseDatabaseSwift in Frameworks */ = {isa = PBXBuildFile; productRef = 7B3D78BC2BD12BA9006E77BC /* FirebaseDatabaseSwift */; };
		7B3D78C02BD152F5006E77BC /* MessageCell.swift in Sources */ = {isa = PBXBuildFile; fileRef = 7B3D78BE2BD152F5006E77BC /* MessageCell.swift */; };
		7B3D78C12BD152F5006E77BC /* MessageCell.xib in Resources */ = {isa = PBXBuildFile; fileRef = 7B3D78BF2BD152F5006E77BC /* MessageCell.xib */; };
		7B3D78C32BD15383006E77BC /* UserCell.swift in Sources */ = {isa = PBXBuildFile; fileRef = 7B3D78C22BD15383006E77BC /* UserCell.swift */; };
		7B813BF12BCFE81E00969B93 /* AppDelegate.swift in Sources */ = {isa = PBXBuildFile; fileRef = 7B813BF02BCFE81E00969B93 /* AppDelegate.swift */; };
		7B813BF32BCFE81E00969B93 /* SceneDelegate.swift in Sources */ = {isa = PBXBuildFile; fileRef = 7B813BF22BCFE81E00969B93 /* SceneDelegate.swift */; };
		7B813BF82BCFE81F00969B93 /* Main.storyboard in Resources */ = {isa = PBXBuildFile; fileRef = 7B813BF62BCFE81F00969B93 /* Main.storyboard */; };
		7B813BFA2BCFE82200969B93 /* Assets.xcassets in Resources */ = {isa = PBXBuildFile; fileRef = 7B813BF92BCFE82200969B93 /* Assets.xcassets */; };
		7B813BFD2BCFE82200969B93 /* LaunchScreen.storyboard in Resources */ = {isa = PBXBuildFile; fileRef = 7B813BFB2BCFE82200969B93 /* LaunchScreen.storyboard */; };
		7B813C052BCFE85600969B93 /* LoginScreenController.swift in Sources */ = {isa = PBXBuildFile; fileRef = 7B813C042BCFE85600969B93 /* LoginScreenController.swift */; };
		7B813C072BCFEA9700969B93 /* CustomLoginRegisterView.swift in Sources */ = {isa = PBXBuildFile; fileRef = 7B813C062BCFEA9700969B93 /* CustomLoginRegisterView.swift */; };
		7B813C092BCFEAAD00969B93 /* ViewExtension.swift in Sources */ = {isa = PBXBuildFile; fileRef = 7B813C082BCFEAAD00969B93 /* ViewExtension.swift */; };
		7B813C0B2BCFEB2600969B93 /* CustomLoginRegisterView.xib in Resources */ = {isa = PBXBuildFile; fileRef = 7B813C0A2BCFEB2600969B93 /* CustomLoginRegisterView.xib */; };
		7B813C0E2BCFEF1200969B93 /* RegisterScreenController.swift in Sources */ = {isa = PBXBuildFile; fileRef = 7B813C0D2BCFEF1200969B93 /* RegisterScreenController.swift */; };
		7B813C132BCFF79800969B93 /* FirebaseAnalytics in Frameworks */ = {isa = PBXBuildFile; productRef = 7B813C122BCFF79800969B93 /* FirebaseAnalytics */; };
		7B813C152BCFF79800969B93 /* FirebaseAnalyticsOnDeviceConversion in Frameworks */ = {isa = PBXBuildFile; productRef = 7B813C142BCFF79800969B93 /* FirebaseAnalyticsOnDeviceConversion */; };
		7B813C172BCFF79800969B93 /* FirebaseAnalyticsSwift in Frameworks */ = {isa = PBXBuildFile; productRef = 7B813C162BCFF79800969B93 /* FirebaseAnalyticsSwift */; };
		7B813C192BCFF79800969B93 /* FirebaseAnalyticsWithoutAdIdSupport in Frameworks */ = {isa = PBXBuildFile; productRef = 7B813C182BCFF79800969B93 /* FirebaseAnalyticsWithoutAdIdSupport */; };
		7B813C1B2BCFF79800969B93 /* FirebaseAppCheck in Frameworks */ = {isa = PBXBuildFile; productRef = 7B813C1A2BCFF79800969B93 /* FirebaseAppCheck */; };
		7B813C1D2BD006CB00969B93 /* GoogleService-Info.plist in Resources */ = {isa = PBXBuildFile; fileRef = 7B813C1C2BD006CA00969B93 /* GoogleService-Info.plist */; };
		7B813C202BD0084E00969B93 /* FirebaseAuth in Frameworks */ = {isa = PBXBuildFile; productRef = 7B813C1F2BD0084E00969B93 /* FirebaseAuth */; };
/* End PBXBuildFile section */

/* Begin PBXFileReference section */
		7B0151BD2BD91EF200D134F6 /* MessageViewModel.swift */ = {isa = PBXFileReference; lastKnownFileType = sourcecode.swift; path = MessageViewModel.swift; sourceTree = "<group>"; };
		7B1C24782BE11EC1000CB4F5 /* LoginAdapter.swift */ = {isa = PBXFileReference; lastKnownFileType = sourcecode.swift; path = LoginAdapter.swift; sourceTree = "<group>"; };
		7B2574DF2BD636CA006C87B6 /* ChatMessage.swift */ = {isa = PBXFileReference; lastKnownFileType = sourcecode.swift; path = ChatMessage.swift; sourceTree = "<group>"; };
		7B3D78B02BD0F8EC006E77BC /* UsersListController.swift */ = {isa = PBXFileReference; lastKnownFileType = sourcecode.swift; path = UsersListController.swift; sourceTree = "<group>"; };
		7B3D78B62BD12786006E77BC /* MessageController.swift */ = {isa = PBXFileReference; lastKnownFileType = sourcecode.swift; path = MessageController.swift; sourceTree = "<group>"; };
		7B3D78BE2BD152F5006E77BC /* MessageCell.swift */ = {isa = PBXFileReference; lastKnownFileType = sourcecode.swift; path = MessageCell.swift; sourceTree = "<group>"; };
		7B3D78BF2BD152F5006E77BC /* MessageCell.xib */ = {isa = PBXFileReference; lastKnownFileType = file.xib; path = MessageCell.xib; sourceTree = "<group>"; };
		7B3D78C22BD15383006E77BC /* UserCell.swift */ = {isa = PBXFileReference; lastKnownFileType = sourcecode.swift; path = UserCell.swift; sourceTree = "<group>"; };
		7B813BED2BCFE81E00969B93 /* ChatAPP.app */ = {isa = PBXFileReference; explicitFileType = wrapper.application; includeInIndex = 0; path = ChatAPP.app; sourceTree = BUILT_PRODUCTS_DIR; };
		7B813BF02BCFE81E00969B93 /* AppDelegate.swift */ = {isa = PBXFileReference; lastKnownFileType = sourcecode.swift; path = AppDelegate.swift; sourceTree = "<group>"; };
		7B813BF22BCFE81E00969B93 /* SceneDelegate.swift */ = {isa = PBXFileReference; lastKnownFileType = sourcecode.swift; path = SceneDelegate.swift; sourceTree = "<group>"; };
		7B813BF72BCFE81F00969B93 /* Base */ = {isa = PBXFileReference; lastKnownFileType = file.storyboard; name = Base; path = Base.lproj/Main.storyboard; sourceTree = "<group>"; };
		7B813BF92BCFE82200969B93 /* Assets.xcassets */ = {isa = PBXFileReference; lastKnownFileType = folder.assetcatalog; path = Assets.xcassets; sourceTree = "<group>"; };
		7B813BFC2BCFE82200969B93 /* Base */ = {isa = PBXFileReference; lastKnownFileType = file.storyboard; name = Base; path = Base.lproj/LaunchScreen.storyboard; sourceTree = "<group>"; };
		7B813BFE2BCFE82200969B93 /* Info.plist */ = {isa = PBXFileReference; lastKnownFileType = text.plist.xml; path = Info.plist; sourceTree = "<group>"; };
		7B813C042BCFE85600969B93 /* LoginScreenController.swift */ = {isa = PBXFileReference; lastKnownFileType = sourcecode.swift; path = LoginScreenController.swift; sourceTree = "<group>"; };
		7B813C062BCFEA9700969B93 /* CustomLoginRegisterView.swift */ = {isa = PBXFileReference; lastKnownFileType = sourcecode.swift; path = CustomLoginRegisterView.swift; sourceTree = "<group>"; };
		7B813C082BCFEAAD00969B93 /* ViewExtension.swift */ = {isa = PBXFileReference; lastKnownFileType = sourcecode.swift; path = ViewExtension.swift; sourceTree = "<group>"; };
		7B813C0A2BCFEB2600969B93 /* CustomLoginRegisterView.xib */ = {isa = PBXFileReference; lastKnownFileType = file.xib; path = CustomLoginRegisterView.xib; sourceTree = "<group>"; };
		7B813C0D2BCFEF1200969B93 /* RegisterScreenController.swift */ = {isa = PBXFileReference; lastKnownFileType = sourcecode.swift; path = RegisterScreenController.swift; sourceTree = "<group>"; };
		7B813C1C2BD006CA00969B93 /* GoogleService-Info.plist */ = {isa = PBXFileReference; fileEncoding = 4; lastKnownFileType = text.plist.xml; path = "GoogleService-Info.plist"; sourceTree = "<group>"; };
		7BCAB72D2BE382ED0061511B /* ChatAPP.entitlements */ = {isa = PBXFileReference; lastKnownFileType = text.plist.entitlements; path = ChatAPP.entitlements; sourceTree = "<group>"; };
/* End PBXFileReference section */

/* Begin PBXFrameworksBuildPhase section */
		7B813BEA2BCFE81E00969B93 /* Frameworks */ = {
			isa = PBXFrameworksBuildPhase;
			buildActionMask = 2147483647;
			files = (
				7B1C24772BE0DA12000CB4F5 /* GoogleSignInSwift in Frameworks */,
				7B813C172BCFF79800969B93 /* FirebaseAnalyticsSwift in Frameworks */,
				7B813C202BD0084E00969B93 /* FirebaseAuth in Frameworks */,
				7B01519B2BD7D51D00D134F6 /* SDWebImageMapKit in Frameworks */,
				7B813C132BCFF79800969B93 /* FirebaseAnalytics in Frameworks */,
				7B3D78BD2BD12BA9006E77BC /* FirebaseDatabaseSwift in Frameworks */,
				7B3D78B52BD0FE96006E77BC /* FirebaseFirestoreSwift in Frameworks */,
				7B813C152BCFF79800969B93 /* FirebaseAnalyticsOnDeviceConversion in Frameworks */,
				7B0151992BD7D51D00D134F6 /* SDWebImage in Frameworks */,
				7B813C1B2BCFF79800969B93 /* FirebaseAppCheck in Frameworks */,
				7B3D78BB2BD12BA9006E77BC /* FirebaseDatabase in Frameworks */,
				7B0151962BD7D34800D134F6 /* FirebaseStorage in Frameworks */,
				7B813C192BCFF79800969B93 /* FirebaseAnalyticsWithoutAdIdSupport in Frameworks */,
				7B0151942BD7D13800D134F6 /* FirebaseAuthCombine-Community in Frameworks */,
				7B1C24752BE0DA12000CB4F5 /* GoogleSignIn in Frameworks */,
			);
			runOnlyForDeploymentPostprocessing = 0;
		};
/* End PBXFrameworksBuildPhase section */

/* Begin PBXGroup section */
		7B1815802BE218AD00E9943F /* Scene */ = {
			isa = PBXGroup;
			children = (
				7BCAB73B2BE3A6AB0061511B /* Extension */,
				7BCAB7382BE3A6670061511B /* UserList */,
				7BCAB7302BE3A5990061511B /* MessageScreen */,
				7BCAB72F2BE3A58E0061511B /* Register */,
				7BCAB72E2BE3A5830061511B /* Login */,
			);
			path = Scene;
			sourceTree = "<group>";
		};
		7B813BE42BCFE81E00969B93 = {
			isa = PBXGroup;
			children = (
				7B813BEF2BCFE81E00969B93 /* ChatAPP */,
				7B813BEE2BCFE81E00969B93 /* Products */,
				7B813C1E2BD0084E00969B93 /* Frameworks */,
			);
			sourceTree = "<group>";
		};
		7B813BEE2BCFE81E00969B93 /* Products */ = {
			isa = PBXGroup;
			children = (
				7B813BED2BCFE81E00969B93 /* ChatAPP.app */,
			);
			name = Products;
			sourceTree = "<group>";
		};
		7B813BEF2BCFE81E00969B93 /* ChatAPP */ = {
			isa = PBXGroup;
			children = (
				7BCAB72D2BE382ED0061511B /* ChatAPP.entitlements */,
				7B813BF02BCFE81E00969B93 /* AppDelegate.swift */,
				7B813BF22BCFE81E00969B93 /* SceneDelegate.swift */,
				7B1815802BE218AD00E9943F /* Scene */,
				7B813BF62BCFE81F00969B93 /* Main.storyboard */,
				7B813BF92BCFE82200969B93 /* Assets.xcassets */,
				7B813BFB2BCFE82200969B93 /* LaunchScreen.storyboard */,
				7B813C1C2BD006CA00969B93 /* GoogleService-Info.plist */,
				7B813BFE2BCFE82200969B93 /* Info.plist */,
			);
			path = ChatAPP;
			sourceTree = "<group>";
		};
		7B813C1E2BD0084E00969B93 /* Frameworks */ = {
			isa = PBXGroup;
			children = (
			);
			name = Frameworks;
			sourceTree = "<group>";
		};
		7BCAB72E2BE3A5830061511B /* Login */ = {
			isa = PBXGroup;
			children = (
				7BCAB7352BE3A6340061511B /* Adapter */,
				7BCAB7342BE3A6100061511B /* CustomView */,
				7BCAB7332BE3A6010061511B /* View */,
				7BCAB7312BE3A5CA0061511B /* Model */,
			);
			path = Login;
			sourceTree = "<group>";
		};
		7BCAB72F2BE3A58E0061511B /* Register */ = {
			isa = PBXGroup;
			children = (
				7BCAB7362BE3A6400061511B /* View */,
			);
			path = Register;
			sourceTree = "<group>";
		};
		7BCAB7302BE3A5990061511B /* MessageScreen */ = {
			isa = PBXGroup;
			children = (
				7BCAB73A2BE3A6800061511B /* Cell */,
				7BCAB7372BE3A6480061511B /* View */,
				7BCAB7322BE3A5EF0061511B /* ViewModel */,
			);
			path = MessageScreen;
			sourceTree = "<group>";
		};
		7BCAB7312BE3A5CA0061511B /* Model */ = {
			isa = PBXGroup;
			children = (
				7B2574DF2BD636CA006C87B6 /* ChatMessage.swift */,
			);
			path = Model;
			sourceTree = "<group>";
		};
		7BCAB7322BE3A5EF0061511B /* ViewModel */ = {
			isa = PBXGroup;
			children = (
				7B0151BD2BD91EF200D134F6 /* MessageViewModel.swift */,
			);
			path = ViewModel;
			sourceTree = "<group>";
		};
		7BCAB7332BE3A6010061511B /* View */ = {
			isa = PBXGroup;
			children = (
				7B813C042BCFE85600969B93 /* LoginScreenController.swift */,
			);
			path = View;
			sourceTree = "<group>";
		};
		7BCAB7342BE3A6100061511B /* CustomView */ = {
			isa = PBXGroup;
			children = (
				7B813C0A2BCFEB2600969B93 /* CustomLoginRegisterView.xib */,
				7B813C062BCFEA9700969B93 /* CustomLoginRegisterView.swift */,
			);
			path = CustomView;
			sourceTree = "<group>";
		};
		7BCAB7352BE3A6340061511B /* Adapter */ = {
			isa = PBXGroup;
			children = (
				7B1C24782BE11EC1000CB4F5 /* LoginAdapter.swift */,
			);
			path = Adapter;
			sourceTree = "<group>";
		};
		7BCAB7362BE3A6400061511B /* View */ = {
			isa = PBXGroup;
			children = (
				7B813C0D2BCFEF1200969B93 /* RegisterScreenController.swift */,
			);
			path = View;
			sourceTree = "<group>";
		};
		7BCAB7372BE3A6480061511B /* View */ = {
			isa = PBXGroup;
			children = (
				7B3D78B62BD12786006E77BC /* MessageController.swift */,
			);
			path = View;
			sourceTree = "<group>";
		};
		7BCAB7382BE3A6670061511B /* UserList */ = {
			isa = PBXGroup;
			children = (
				7BCAB7392BE3A6740061511B /* View */,
			);
			path = UserList;
			sourceTree = "<group>";
		};
		7BCAB7392BE3A6740061511B /* View */ = {
			isa = PBXGroup;
			children = (
				7B3D78B02BD0F8EC006E77BC /* UsersListController.swift */,
			);
			path = View;
			sourceTree = "<group>";
		};
		7BCAB73A2BE3A6800061511B /* Cell */ = {
			isa = PBXGroup;
			children = (
				7B3D78BE2BD152F5006E77BC /* MessageCell.swift */,
				7B3D78C22BD15383006E77BC /* UserCell.swift */,
				7B3D78BF2BD152F5006E77BC /* MessageCell.xib */,
			);
			path = Cell;
			sourceTree = "<group>";
		};
		7BCAB73B2BE3A6AB0061511B /* Extension */ = {
			isa = PBXGroup;
			children = (
				7B813C082BCFEAAD00969B93 /* ViewExtension.swift */,
			);
			path = Extension;
			sourceTree = "<group>";
		};
/* End PBXGroup section */

/* Begin PBXNativeTarget section */
		7B813BEC2BCFE81E00969B93 /* ChatAPP */ = {
			isa = PBXNativeTarget;
			buildConfigurationList = 7B813C012BCFE82200969B93 /* Build configuration list for PBXNativeTarget "ChatAPP" */;
			buildPhases = (
				7B813BE92BCFE81E00969B93 /* Sources */,
				7B813BEA2BCFE81E00969B93 /* Frameworks */,
				7B813BEB2BCFE81E00969B93 /* Resources */,
			);
			buildRules = (
			);
			dependencies = (
			);
			name = ChatAPP;
			packageProductDependencies = (
				7B813C122BCFF79800969B93 /* FirebaseAnalytics */,
				7B813C142BCFF79800969B93 /* FirebaseAnalyticsOnDeviceConversion */,
				7B813C162BCFF79800969B93 /* FirebaseAnalyticsSwift */,
				7B813C182BCFF79800969B93 /* FirebaseAnalyticsWithoutAdIdSupport */,
				7B813C1A2BCFF79800969B93 /* FirebaseAppCheck */,
				7B813C1F2BD0084E00969B93 /* FirebaseAuth */,
				7B3D78B42BD0FE96006E77BC /* FirebaseFirestoreSwift */,
				7B3D78BA2BD12BA9006E77BC /* FirebaseDatabase */,
				7B3D78BC2BD12BA9006E77BC /* FirebaseDatabaseSwift */,
				7B0151932BD7D13800D134F6 /* FirebaseAuthCombine-Community */,
				7B0151952BD7D34800D134F6 /* FirebaseStorage */,
				7B0151982BD7D51D00D134F6 /* SDWebImage */,
				7B01519A2BD7D51D00D134F6 /* SDWebImageMapKit */,
				7B1C24742BE0DA12000CB4F5 /* GoogleSignIn */,
				7B1C24762BE0DA12000CB4F5 /* GoogleSignInSwift */,
			);
			productName = ChatAPP;
			productReference = 7B813BED2BCFE81E00969B93 /* ChatAPP.app */;
			productType = "com.apple.product-type.application";
		};
/* End PBXNativeTarget section */

/* Begin PBXProject section */
		7B813BE52BCFE81E00969B93 /* Project object */ = {
			isa = PBXProject;
			attributes = {
				BuildIndependentTargetsInParallel = 1;
				LastSwiftUpdateCheck = 1520;
				LastUpgradeCheck = 1520;
				TargetAttributes = {
					7B813BEC2BCFE81E00969B93 = {
						CreatedOnToolsVersion = 15.2;
					};
				};
			};
			buildConfigurationList = 7B813BE82BCFE81E00969B93 /* Build configuration list for PBXProject "ChatAPP" */;
			compatibilityVersion = "Xcode 14.0";
			developmentRegion = en;
			hasScannedForEncodings = 0;
			knownRegions = (
				en,
				Base,
			);
			mainGroup = 7B813BE42BCFE81E00969B93;
			packageReferences = (
				7B813C112BCFF79800969B93 /* XCRemoteSwiftPackageReference "firebase-ios-sdk" */,
				7B0151972BD7D51D00D134F6 /* XCRemoteSwiftPackageReference "SDWebImage" */,
				7B1C24732BE0DA12000CB4F5 /* XCRemoteSwiftPackageReference "GoogleSignIn-iOS" */,
			);
			productRefGroup = 7B813BEE2BCFE81E00969B93 /* Products */;
			projectDirPath = "";
			projectRoot = "";
			targets = (
				7B813BEC2BCFE81E00969B93 /* ChatAPP */,
			);
		};
/* End PBXProject section */

/* Begin PBXResourcesBuildPhase section */
		7B813BEB2BCFE81E00969B93 /* Resources */ = {
			isa = PBXResourcesBuildPhase;
			buildActionMask = 2147483647;
			files = (
				7B813C0B2BCFEB2600969B93 /* CustomLoginRegisterView.xib in Resources */,
				7B3D78C12BD152F5006E77BC /* MessageCell.xib in Resources */,
				7B813BFD2BCFE82200969B93 /* LaunchScreen.storyboard in Resources */,
				7B813BFA2BCFE82200969B93 /* Assets.xcassets in Resources */,
				7B813C1D2BD006CB00969B93 /* GoogleService-Info.plist in Resources */,
				7B813BF82BCFE81F00969B93 /* Main.storyboard in Resources */,
			);
			runOnlyForDeploymentPostprocessing = 0;
		};
/* End PBXResourcesBuildPhase section */

/* Begin PBXSourcesBuildPhase section */
		7B813BE92BCFE81E00969B93 /* Sources */ = {
			isa = PBXSourcesBuildPhase;
			buildActionMask = 2147483647;
			files = (
				7B3D78C02BD152F5006E77BC /* MessageCell.swift in Sources */,
				7B3D78B72BD12786006E77BC /* MessageController.swift in Sources */,
				7B813C072BCFEA9700969B93 /* CustomLoginRegisterView.swift in Sources */,
				7B813BF12BCFE81E00969B93 /* AppDelegate.swift in Sources */,
				7B813C0E2BCFEF1200969B93 /* RegisterScreenController.swift in Sources */,
				7B2574E02BD636CA006C87B6 /* ChatMessage.swift in Sources */,
				7B813BF32BCFE81E00969B93 /* SceneDelegate.swift in Sources */,
				7B1C24792BE11EC1000CB4F5 /* LoginAdapter.swift in Sources */,
				7B813C052BCFE85600969B93 /* LoginScreenController.swift in Sources */,
				7B3D78B12BD0F8EC006E77BC /* UsersListController.swift in Sources */,
				7B3D78C32BD15383006E77BC /* UserCell.swift in Sources */,
				7B0151BE2BD91EF200D134F6 /* MessageViewModel.swift in Sources */,
				7B813C092BCFEAAD00969B93 /* ViewExtension.swift in Sources */,
			);
			runOnlyForDeploymentPostprocessing = 0;
		};
/* End PBXSourcesBuildPhase section */

/* Begin PBXVariantGroup section */
		7B813BF62BCFE81F00969B93 /* Main.storyboard */ = {
			isa = PBXVariantGroup;
			children = (
				7B813BF72BCFE81F00969B93 /* Base */,
			);
			name = Main.storyboard;
			sourceTree = "<group>";
		};
		7B813BFB2BCFE82200969B93 /* LaunchScreen.storyboard */ = {
			isa = PBXVariantGroup;
			children = (
				7B813BFC2BCFE82200969B93 /* Base */,
			);
			name = LaunchScreen.storyboard;
			sourceTree = "<group>";
		};
/* End PBXVariantGroup section */

/* Begin XCBuildConfiguration section */
		7B813BFF2BCFE82200969B93 /* Debug */ = {
			isa = XCBuildConfiguration;
			buildSettings = {
				ALWAYS_SEARCH_USER_PATHS = NO;
				ASSETCATALOG_COMPILER_GENERATE_SWIFT_ASSET_SYMBOL_EXTENSIONS = YES;
				CLANG_ANALYZER_NONNULL = YES;
				CLANG_ANALYZER_NUMBER_OBJECT_CONVERSION = YES_AGGRESSIVE;
				CLANG_CXX_LANGUAGE_STANDARD = "gnu++20";
				CLANG_ENABLE_MODULES = YES;
				CLANG_ENABLE_OBJC_ARC = YES;
				CLANG_ENABLE_OBJC_WEAK = YES;
				CLANG_WARN_BLOCK_CAPTURE_AUTORELEASING = YES;
				CLANG_WARN_BOOL_CONVERSION = YES;
				CLANG_WARN_COMMA = YES;
				CLANG_WARN_CONSTANT_CONVERSION = YES;
				CLANG_WARN_DEPRECATED_OBJC_IMPLEMENTATIONS = YES;
				CLANG_WARN_DIRECT_OBJC_ISA_USAGE = YES_ERROR;
				CLANG_WARN_DOCUMENTATION_COMMENTS = YES;
				CLANG_WARN_EMPTY_BODY = YES;
				CLANG_WARN_ENUM_CONVERSION = YES;
				CLANG_WARN_INFINITE_RECURSION = YES;
				CLANG_WARN_INT_CONVERSION = YES;
				CLANG_WARN_NON_LITERAL_NULL_CONVERSION = YES;
				CLANG_WARN_OBJC_IMPLICIT_RETAIN_SELF = YES;
				CLANG_WARN_OBJC_LITERAL_CONVERSION = YES;
				CLANG_WARN_OBJC_ROOT_CLASS = YES_ERROR;
				CLANG_WARN_QUOTED_INCLUDE_IN_FRAMEWORK_HEADER = YES;
				CLANG_WARN_RANGE_LOOP_ANALYSIS = YES;
				CLANG_WARN_STRICT_PROTOTYPES = YES;
				CLANG_WARN_SUSPICIOUS_MOVE = YES;
				CLANG_WARN_UNGUARDED_AVAILABILITY = YES_AGGRESSIVE;
				CLANG_WARN_UNREACHABLE_CODE = YES;
				CLANG_WARN__DUPLICATE_METHOD_MATCH = YES;
				COPY_PHASE_STRIP = NO;
				DEBUG_INFORMATION_FORMAT = dwarf;
				ENABLE_STRICT_OBJC_MSGSEND = YES;
				ENABLE_TESTABILITY = YES;
				ENABLE_USER_SCRIPT_SANDBOXING = YES;
				GCC_C_LANGUAGE_STANDARD = gnu17;
				GCC_DYNAMIC_NO_PIC = NO;
				GCC_NO_COMMON_BLOCKS = YES;
				GCC_OPTIMIZATION_LEVEL = 0;
				GCC_PREPROCESSOR_DEFINITIONS = (
					"DEBUG=1",
					"$(inherited)",
				);
				GCC_WARN_64_TO_32_BIT_CONVERSION = YES;
				GCC_WARN_ABOUT_RETURN_TYPE = YES_ERROR;
				GCC_WARN_UNDECLARED_SELECTOR = YES;
				GCC_WARN_UNINITIALIZED_AUTOS = YES_AGGRESSIVE;
				GCC_WARN_UNUSED_FUNCTION = YES;
				GCC_WARN_UNUSED_VARIABLE = YES;
				IPHONEOS_DEPLOYMENT_TARGET = 17.2;
				LOCALIZATION_PREFERS_STRING_CATALOGS = YES;
				MTL_ENABLE_DEBUG_INFO = INCLUDE_SOURCE;
				MTL_FAST_MATH = YES;
				ONLY_ACTIVE_ARCH = YES;
				SDKROOT = iphoneos;
				SWIFT_ACTIVE_COMPILATION_CONDITIONS = "DEBUG $(inherited)";
				SWIFT_OPTIMIZATION_LEVEL = "-Onone";
			};
			name = Debug;
		};
		7B813C002BCFE82200969B93 /* Release */ = {
			isa = XCBuildConfiguration;
			buildSettings = {
				ALWAYS_SEARCH_USER_PATHS = NO;
				ASSETCATALOG_COMPILER_GENERATE_SWIFT_ASSET_SYMBOL_EXTENSIONS = YES;
				CLANG_ANALYZER_NONNULL = YES;
				CLANG_ANALYZER_NUMBER_OBJECT_CONVERSION = YES_AGGRESSIVE;
				CLANG_CXX_LANGUAGE_STANDARD = "gnu++20";
				CLANG_ENABLE_MODULES = YES;
				CLANG_ENABLE_OBJC_ARC = YES;
				CLANG_ENABLE_OBJC_WEAK = YES;
				CLANG_WARN_BLOCK_CAPTURE_AUTORELEASING = YES;
				CLANG_WARN_BOOL_CONVERSION = YES;
				CLANG_WARN_COMMA = YES;
				CLANG_WARN_CONSTANT_CONVERSION = YES;
				CLANG_WARN_DEPRECATED_OBJC_IMPLEMENTATIONS = YES;
				CLANG_WARN_DIRECT_OBJC_ISA_USAGE = YES_ERROR;
				CLANG_WARN_DOCUMENTATION_COMMENTS = YES;
				CLANG_WARN_EMPTY_BODY = YES;
				CLANG_WARN_ENUM_CONVERSION = YES;
				CLANG_WARN_INFINITE_RECURSION = YES;
				CLANG_WARN_INT_CONVERSION = YES;
				CLANG_WARN_NON_LITERAL_NULL_CONVERSION = YES;
				CLANG_WARN_OBJC_IMPLICIT_RETAIN_SELF = YES;
				CLANG_WARN_OBJC_LITERAL_CONVERSION = YES;
				CLANG_WARN_OBJC_ROOT_CLASS = YES_ERROR;
				CLANG_WARN_QUOTED_INCLUDE_IN_FRAMEWORK_HEADER = YES;
				CLANG_WARN_RANGE_LOOP_ANALYSIS = YES;
				CLANG_WARN_STRICT_PROTOTYPES = YES;
				CLANG_WARN_SUSPICIOUS_MOVE = YES;
				CLANG_WARN_UNGUARDED_AVAILABILITY = YES_AGGRESSIVE;
				CLANG_WARN_UNREACHABLE_CODE = YES;
				CLANG_WARN__DUPLICATE_METHOD_MATCH = YES;
				COPY_PHASE_STRIP = NO;
				DEBUG_INFORMATION_FORMAT = "dwarf-with-dsym";
				ENABLE_NS_ASSERTIONS = NO;
				ENABLE_STRICT_OBJC_MSGSEND = YES;
				ENABLE_USER_SCRIPT_SANDBOXING = YES;
				GCC_C_LANGUAGE_STANDARD = gnu17;
				GCC_NO_COMMON_BLOCKS = YES;
				GCC_WARN_64_TO_32_BIT_CONVERSION = YES;
				GCC_WARN_ABOUT_RETURN_TYPE = YES_ERROR;
				GCC_WARN_UNDECLARED_SELECTOR = YES;
				GCC_WARN_UNINITIALIZED_AUTOS = YES_AGGRESSIVE;
				GCC_WARN_UNUSED_FUNCTION = YES;
				GCC_WARN_UNUSED_VARIABLE = YES;
				IPHONEOS_DEPLOYMENT_TARGET = 17.2;
				LOCALIZATION_PREFERS_STRING_CATALOGS = YES;
				MTL_ENABLE_DEBUG_INFO = NO;
				MTL_FAST_MATH = YES;
				SDKROOT = iphoneos;
				SWIFT_COMPILATION_MODE = wholemodule;
				VALIDATE_PRODUCT = YES;
			};
			name = Release;
		};
		7B813C022BCFE82200969B93 /* Debug */ = {
			isa = XCBuildConfiguration;
			buildSettings = {
				ASSETCATALOG_COMPILER_APPICON_NAME = AppIcon;
				ASSETCATALOG_COMPILER_GLOBAL_ACCENT_COLOR_NAME = AccentColor;
				CODE_SIGN_ENTITLEMENTS = ChatAPP/ChatAPP.entitlements;
				CODE_SIGN_STYLE = Automatic;
				CURRENT_PROJECT_VERSION = 1;
				GENERATE_INFOPLIST_FILE = YES;
				INFOPLIST_FILE = ChatAPP/Info.plist;
				INFOPLIST_KEY_UIApplicationSupportsIndirectInputEvents = YES;
				INFOPLIST_KEY_UILaunchStoryboardName = LaunchScreen;
				INFOPLIST_KEY_UIMainStoryboardFile = Main;
				INFOPLIST_KEY_UISupportedInterfaceOrientations_iPad = "UIInterfaceOrientationPortrait UIInterfaceOrientationPortraitUpsideDown UIInterfaceOrientationLandscapeLeft UIInterfaceOrientationLandscapeRight";
				INFOPLIST_KEY_UISupportedInterfaceOrientations_iPhone = "UIInterfaceOrientationPortrait UIInterfaceOrientationLandscapeLeft UIInterfaceOrientationLandscapeRight";
				LD_RUNPATH_SEARCH_PATHS = (
					"$(inherited)",
					"@executable_path/Frameworks",
				);
				MARKETING_VERSION = 1.0;
				PRODUCT_BUNDLE_IDENTIFIER = com.Nazrin.ChatAPP;
				PRODUCT_NAME = "$(TARGET_NAME)";
				SWIFT_EMIT_LOC_STRINGS = YES;
				SWIFT_VERSION = 5.0;
				TARGETED_DEVICE_FAMILY = "1,2";
			};
			name = Debug;
		};
		7B813C032BCFE82200969B93 /* Release */ = {
			isa = XCBuildConfiguration;
			buildSettings = {
				ASSETCATALOG_COMPILER_APPICON_NAME = AppIcon;
				ASSETCATALOG_COMPILER_GLOBAL_ACCENT_COLOR_NAME = AccentColor;
				CODE_SIGN_ENTITLEMENTS = ChatAPP/ChatAPP.entitlements;
				CODE_SIGN_STYLE = Automatic;
				CURRENT_PROJECT_VERSION = 1;
				GENERATE_INFOPLIST_FILE = YES;
				INFOPLIST_FILE = ChatAPP/Info.plist;
				INFOPLIST_KEY_UIApplicationSupportsIndirectInputEvents = YES;
				INFOPLIST_KEY_UILaunchStoryboardName = LaunchScreen;
				INFOPLIST_KEY_UIMainStoryboardFile = Main;
				INFOPLIST_KEY_UISupportedInterfaceOrientations_iPad = "UIInterfaceOrientationPortrait UIInterfaceOrientationPortraitUpsideDown UIInterfaceOrientationLandscapeLeft UIInterfaceOrientationLandscapeRight";
				INFOPLIST_KEY_UISupportedInterfaceOrientations_iPhone = "UIInterfaceOrientationPortrait UIInterfaceOrientationLandscapeLeft UIInterfaceOrientationLandscapeRight";
				LD_RUNPATH_SEARCH_PATHS = (
					"$(inherited)",
					"@executable_path/Frameworks",
				);
				MARKETING_VERSION = 1.0;
				PRODUCT_BUNDLE_IDENTIFIER = com.Nazrin.ChatAPP;
				PRODUCT_NAME = "$(TARGET_NAME)";
				SWIFT_EMIT_LOC_STRINGS = YES;
				SWIFT_VERSION = 5.0;
				TARGETED_DEVICE_FAMILY = "1,2";
			};
			name = Release;
		};
/* End XCBuildConfiguration section */

/* Begin XCConfigurationList section */
		7B813BE82BCFE81E00969B93 /* Build configuration list for PBXProject "ChatAPP" */ = {
			isa = XCConfigurationList;
			buildConfigurations = (
				7B813BFF2BCFE82200969B93 /* Debug */,
				7B813C002BCFE82200969B93 /* Release */,
			);
			defaultConfigurationIsVisible = 0;
			defaultConfigurationName = Release;
		};
		7B813C012BCFE82200969B93 /* Build configuration list for PBXNativeTarget "ChatAPP" */ = {
			isa = XCConfigurationList;
			buildConfigurations = (
				7B813C022BCFE82200969B93 /* Debug */,
				7B813C032BCFE82200969B93 /* Release */,
			);
			defaultConfigurationIsVisible = 0;
			defaultConfigurationName = Release;
		};
/* End XCConfigurationList section */

/* Begin XCRemoteSwiftPackageReference section */
		7B0151972BD7D51D00D134F6 /* XCRemoteSwiftPackageReference "SDWebImage" */ = {
			isa = XCRemoteSwiftPackageReference;
			repositoryURL = "https://github.com/SDWebImage/SDWebImage";
			requirement = {
				kind = upToNextMajorVersion;
				minimumVersion = 5.19.1;
			};
		};
		7B1C24732BE0DA12000CB4F5 /* XCRemoteSwiftPackageReference "GoogleSignIn-iOS" */ = {
			isa = XCRemoteSwiftPackageReference;
			repositoryURL = "https://github.com/google/GoogleSignIn-iOS";
			requirement = {
				kind = upToNextMajorVersion;
				minimumVersion = 7.1.0;
			};
		};
		7B813C112BCFF79800969B93 /* XCRemoteSwiftPackageReference "firebase-ios-sdk" */ = {
			isa = XCRemoteSwiftPackageReference;
			repositoryURL = "https://github.com/firebase/firebase-ios-sdk";
			requirement = {
				kind = upToNextMajorVersion;
				minimumVersion = 10.24.0;
			};
		};
/* End XCRemoteSwiftPackageReference section */

/* Begin XCSwiftPackageProductDependency section */
		7B0151932BD7D13800D134F6 /* FirebaseAuthCombine-Community */ = {
			isa = XCSwiftPackageProductDependency;
			package = 7B813C112BCFF79800969B93 /* XCRemoteSwiftPackageReference "firebase-ios-sdk" */;
			productName = "FirebaseAuthCombine-Community";
		};
		7B0151952BD7D34800D134F6 /* FirebaseStorage */ = {
			isa = XCSwiftPackageProductDependency;
			package = 7B813C112BCFF79800969B93 /* XCRemoteSwiftPackageReference "firebase-ios-sdk" */;
			productName = FirebaseStorage;
		};
		7B0151982BD7D51D00D134F6 /* SDWebImage */ = {
			isa = XCSwiftPackageProductDependency;
			package = 7B0151972BD7D51D00D134F6 /* XCRemoteSwiftPackageReference "SDWebImage" */;
			productName = SDWebImage;
		};
		7B01519A2BD7D51D00D134F6 /* SDWebImageMapKit */ = {
			isa = XCSwiftPackageProductDependency;
			package = 7B0151972BD7D51D00D134F6 /* XCRemoteSwiftPackageReference "SDWebImage" */;
			productName = SDWebImageMapKit;
		};
		7B1C24742BE0DA12000CB4F5 /* GoogleSignIn */ = {
			isa = XCSwiftPackageProductDependency;
			package = 7B1C24732BE0DA12000CB4F5 /* XCRemoteSwiftPackageReference "GoogleSignIn-iOS" */;
			productName = GoogleSignIn;
		};
		7B1C24762BE0DA12000CB4F5 /* GoogleSignInSwift */ = {
			isa = XCSwiftPackageProductDependency;
			package = 7B1C24732BE0DA12000CB4F5 /* XCRemoteSwiftPackageReference "GoogleSignIn-iOS" */;
			productName = GoogleSignInSwift;
		};
		7B3D78B42BD0FE96006E77BC /* FirebaseFirestoreSwift */ = {
			isa = XCSwiftPackageProductDependency;
			package = 7B813C112BCFF79800969B93 /* XCRemoteSwiftPackageReference "firebase-ios-sdk" */;
			productName = FirebaseFirestoreSwift;
		};
		7B3D78BA2BD12BA9006E77BC /* FirebaseDatabase */ = {
			isa = XCSwiftPackageProductDependency;
			package = 7B813C112BCFF79800969B93 /* XCRemoteSwiftPackageReference "firebase-ios-sdk" */;
			productName = FirebaseDatabase;
		};
		7B3D78BC2BD12BA9006E77BC /* FirebaseDatabaseSwift */ = {
			isa = XCSwiftPackageProductDependency;
			package = 7B813C112BCFF79800969B93 /* XCRemoteSwiftPackageReference "firebase-ios-sdk" */;
			productName = FirebaseDatabaseSwift;
		};
		7B813C122BCFF79800969B93 /* FirebaseAnalytics */ = {
			isa = XCSwiftPackageProductDependency;
			package = 7B813C112BCFF79800969B93 /* XCRemoteSwiftPackageReference "firebase-ios-sdk" */;
			productName = FirebaseAnalytics;
		};
		7B813C142BCFF79800969B93 /* FirebaseAnalyticsOnDeviceConversion */ = {
			isa = XCSwiftPackageProductDependency;
			package = 7B813C112BCFF79800969B93 /* XCRemoteSwiftPackageReference "firebase-ios-sdk" */;
			productName = FirebaseAnalyticsOnDeviceConversion;
		};
		7B813C162BCFF79800969B93 /* FirebaseAnalyticsSwift */ = {
			isa = XCSwiftPackageProductDependency;
			package = 7B813C112BCFF79800969B93 /* XCRemoteSwiftPackageReference "firebase-ios-sdk" */;
			productName = FirebaseAnalyticsSwift;
		};
		7B813C182BCFF79800969B93 /* FirebaseAnalyticsWithoutAdIdSupport */ = {
			isa = XCSwiftPackageProductDependency;
			package = 7B813C112BCFF79800969B93 /* XCRemoteSwiftPackageReference "firebase-ios-sdk" */;
			productName = FirebaseAnalyticsWithoutAdIdSupport;
		};
		7B813C1A2BCFF79800969B93 /* FirebaseAppCheck */ = {
			isa = XCSwiftPackageProductDependency;
			package = 7B813C112BCFF79800969B93 /* XCRemoteSwiftPackageReference "firebase-ios-sdk" */;
			productName = FirebaseAppCheck;
		};
		7B813C1F2BD0084E00969B93 /* FirebaseAuth */ = {
			isa = XCSwiftPackageProductDependency;
			package = 7B813C112BCFF79800969B93 /* XCRemoteSwiftPackageReference "firebase-ios-sdk" */;
			productName = FirebaseAuth;
		};
/* End XCSwiftPackageProductDependency section */
	};
	rootObject = 7B813BE52BCFE81E00969B93 /* Project object */;
}
